// !$*UTF8*$!
{
	archiveVersion = 1;
	classes = {
	};
	objectVersion = 46;
	objects = {

/* Begin PBXBuildFile section */
		B953BD341EC315CF00F7FFDF /* Father+MyAddtion.m in Sources */ = {isa = PBXBuildFile; fileRef = B953BD331EC315CF00F7FFDF /* Father+MyAddtion.m */; };
		B9AE87491EA73E0900765F3D /* main.m in Sources */ = {isa = PBXBuildFile; fileRef = B9AE87481EA73E0900765F3D /* main.m */; };
		B9AE874C1EA73E0900765F3D /* AppDelegate.m in Sources */ = {isa = PBXBuildFile; fileRef = B9AE874B1EA73E0900765F3D /* AppDelegate.m */; };
		B9AE874F1EA73E0A00765F3D /* ViewController.m in Sources */ = {isa = PBXBuildFile; fileRef = B9AE874E1EA73E0A00765F3D /* ViewController.m */; };
		B9AE87521EA73E0A00765F3D /* Main.storyboard in Resources */ = {isa = PBXBuildFile; fileRef = B9AE87501EA73E0A00765F3D /* Main.storyboard */; };
		B9AE87541EA73E0A00765F3D /* Assets.xcassets in Resources */ = {isa = PBXBuildFile; fileRef = B9AE87531EA73E0A00765F3D /* Assets.xcassets */; };
		B9AE87571EA73E0A00765F3D /* LaunchScreen.storyboard in Resources */ = {isa = PBXBuildFile; fileRef = B9AE87551EA73E0A00765F3D /* LaunchScreen.storyboard */; };
		B9AE87621EA73E0A00765F3D /* RunTimeSampleTests.m in Sources */ = {isa = PBXBuildFile; fileRef = B9AE87611EA73E0A00765F3D /* RunTimeSampleTests.m */; };
		B9AE876D1EA73E0A00765F3D /* RunTimeSampleUITests.m in Sources */ = {isa = PBXBuildFile; fileRef = B9AE876C1EA73E0A00765F3D /* RunTimeSampleUITests.m */; };
		B9AE877C1EA73E3400765F3D /* Message.m in Sources */ = {isa = PBXBuildFile; fileRef = B9AE877B1EA73E3400765F3D /* Message.m */; };
		B9AE877F1EA741DC00765F3D /* MessageForwarding.m in Sources */ = {isa = PBXBuildFile; fileRef = B9AE877E1EA741DC00765F3D /* MessageForwarding.m */; };
		B9AE87821EA748DD00765F3D /* Father.m in Sources */ = {isa = PBXBuildFile; fileRef = B9AE87811EA748DD00765F3D /* Father.m */; };
		B9AE87851EA748E800765F3D /* Son.m in Sources */ = {isa = PBXBuildFile; fileRef = B9AE87841EA748E800765F3D /* Son.m */; };
		B9AE87881EA74A1400765F3D /* NSObject+AssociatedObject.m in Sources */ = {isa = PBXBuildFile; fileRef = B9AE87871EA74A1400765F3D /* NSObject+AssociatedObject.m */; };
		B9E39D6B1EC1C12900F12DD9 /* People.m in Sources */ = {isa = PBXBuildFile; fileRef = B9E39D6A1EC1C12900F12DD9 /* People.m */; };
/* End PBXBuildFile section */

/* Begin PBXContainerItemProxy section */
		B9AE875E1EA73E0A00765F3D /* PBXContainerItemProxy */ = {
			isa = PBXContainerItemProxy;
			containerPortal = B9AE873C1EA73E0900765F3D /* Project object */;
			proxyType = 1;
			remoteGlobalIDString = B9AE87431EA73E0900765F3D;
			remoteInfo = RunTimeSample;
		};
		B9AE87691EA73E0A00765F3D /* PBXContainerItemProxy */ = {
			isa = PBXContainerItemProxy;
			containerPortal = B9AE873C1EA73E0900765F3D /* Project object */;
			proxyType = 1;
			remoteGlobalIDString = B9AE87431EA73E0900765F3D;
			remoteInfo = RunTimeSample;
		};
/* End PBXContainerItemProxy section */

/* Begin PBXFileReference section */
		B953BD321EC315CF00F7FFDF /* Father+MyAddtion.h */ = {isa = PBXFileReference; fileEncoding = 4; lastKnownFileType = sourcecode.c.h; name = "Father+MyAddtion.h"; path = "../Father+MyAddtion.h"; sourceTree = "<group>"; };
		B953BD331EC315CF00F7FFDF /* Father+MyAddtion.m */ = {isa = PBXFileReference; fileEncoding = 4; lastKnownFileType = sourcecode.c.objc; name = "Father+MyAddtion.m"; path = "../Father+MyAddtion.m"; sourceTree = "<group>"; };
		B9AE87441EA73E0900765F3D /* RunTimeSample.app */ = {isa = PBXFileReference; explicitFileType = wrapper.application; includeInIndex = 0; path = RunTimeSample.app; sourceTree = BUILT_PRODUCTS_DIR; };
		B9AE87481EA73E0900765F3D /* main.m */ = {isa = PBXFileReference; lastKnownFileType = sourcecode.c.objc; path = main.m; sourceTree = "<group>"; };
		B9AE874A1EA73E0900765F3D /* AppDelegate.h */ = {isa = PBXFileReference; lastKnownFileType = sourcecode.c.h; path = AppDelegate.h; sourceTree = "<group>"; };
		B9AE874B1EA73E0900765F3D /* AppDelegate.m */ = {isa = PBXFileReference; lastKnownFileType = sourcecode.c.objc; path = AppDelegate.m; sourceTree = "<group>"; };
		B9AE874D1EA73E0A00765F3D /* ViewController.h */ = {isa = PBXFileReference; lastKnownFileType = sourcecode.c.h; path = ViewController.h; sourceTree = "<group>"; };
		B9AE874E1EA73E0A00765F3D /* ViewController.m */ = {isa = PBXFileReference; lastKnownFileType = sourcecode.c.objc; path = ViewController.m; sourceTree = "<group>"; };
		B9AE87511EA73E0A00765F3D /* Base */ = {isa = PBXFileReference; lastKnownFileType = file.storyboard; name = Base; path = Base.lproj/Main.storyboard; sourceTree = "<group>"; };
		B9AE87531EA73E0A00765F3D /* Assets.xcassets */ = {isa = PBXFileReference; lastKnownFileType = folder.assetcatalog; path = Assets.xcassets; sourceTree = "<group>"; };
		B9AE87561EA73E0A00765F3D /* Base */ = {isa = PBXFileReference; lastKnownFileType = file.storyboard; name = Base; path = Base.lproj/LaunchScreen.storyboard; sourceTree = "<group>"; };
		B9AE87581EA73E0A00765F3D /* Info.plist */ = {isa = PBXFileReference; lastKnownFileType = text.plist.xml; path = Info.plist; sourceTree = "<group>"; };
		B9AE875D1EA73E0A00765F3D /* RunTimeSampleTests.xctest */ = {isa = PBXFileReference; explicitFileType = wrapper.cfbundle; includeInIndex = 0; path = RunTimeSampleTests.xctest; sourceTree = BUILT_PRODUCTS_DIR; };
		B9AE87611EA73E0A00765F3D /* RunTimeSampleTests.m */ = {isa = PBXFileReference; lastKnownFileType = sourcecode.c.objc; path = RunTimeSampleTests.m; sourceTree = "<group>"; };
		B9AE87631EA73E0A00765F3D /* Info.plist */ = {isa = PBXFileReference; lastKnownFileType = text.plist.xml; path = Info.plist; sourceTree = "<group>"; };
		B9AE87681EA73E0A00765F3D /* RunTimeSampleUITests.xctest */ = {isa = PBXFileReference; explicitFileType = wrapper.cfbundle; includeInIndex = 0; path = RunTimeSampleUITests.xctest; sourceTree = BUILT_PRODUCTS_DIR; };
		B9AE876C1EA73E0A00765F3D /* RunTimeSampleUITests.m */ = {isa = PBXFileReference; lastKnownFileType = sourcecode.c.objc; path = RunTimeSampleUITests.m; sourceTree = "<group>"; };
		B9AE876E1EA73E0A00765F3D /* Info.plist */ = {isa = PBXFileReference; lastKnownFileType = text.plist.xml; path = Info.plist; sourceTree = "<group>"; };
		B9AE877A1EA73E3400765F3D /* Message.h */ = {isa = PBXFileReference; fileEncoding = 4; lastKnownFileType = sourcecode.c.h; path = Message.h; sourceTree = "<group>"; };
		B9AE877B1EA73E3400765F3D /* Message.m */ = {isa = PBXFileReference; fileEncoding = 4; lastKnownFileType = sourcecode.c.objc; path = Message.m; sourceTree = "<group>"; };
		B9AE877D1EA741DC00765F3D /* MessageForwarding.h */ = {isa = PBXFileReference; fileEncoding = 4; lastKnownFileType = sourcecode.c.h; path = MessageForwarding.h; sourceTree = "<group>"; };
		B9AE877E1EA741DC00765F3D /* MessageForwarding.m */ = {isa = PBXFileReference; fileEncoding = 4; lastKnownFileType = sourcecode.c.objc; path = MessageForwarding.m; sourceTree = "<group>"; };
		B9AE87801EA748DD00765F3D /* Father.h */ = {isa = PBXFileReference; fileEncoding = 4; lastKnownFileType = sourcecode.c.h; path = Father.h; sourceTree = "<group>"; };
		B9AE87811EA748DD00765F3D /* Father.m */ = {isa = PBXFileReference; fileEncoding = 4; lastKnownFileType = sourcecode.c.objc; path = Father.m; sourceTree = "<group>"; };
		B9AE87831EA748E800765F3D /* Son.h */ = {isa = PBXFileReference; fileEncoding = 4; lastKnownFileType = sourcecode.c.h; path = Son.h; sourceTree = "<group>"; };
		B9AE87841EA748E800765F3D /* Son.m */ = {isa = PBXFileReference; fileEncoding = 4; lastKnownFileType = sourcecode.c.objc; path = Son.m; sourceTree = "<group>"; };
		B9AE87861EA74A1400765F3D /* NSObject+AssociatedObject.h */ = {isa = PBXFileReference; fileEncoding = 4; lastKnownFileType = sourcecode.c.h; path = "NSObject+AssociatedObject.h"; sourceTree = "<group>"; };
		B9AE87871EA74A1400765F3D /* NSObject+AssociatedObject.m */ = {isa = PBXFileReference; fileEncoding = 4; lastKnownFileType = sourcecode.c.objc; path = "NSObject+AssociatedObject.m"; sourceTree = "<group>"; };
		B9E39D691EC1C12900F12DD9 /* People.h */ = {isa = PBXFileReference; fileEncoding = 4; lastKnownFileType = sourcecode.c.h; path = People.h; sourceTree = "<group>"; };
		B9E39D6A1EC1C12900F12DD9 /* People.m */ = {isa = PBXFileReference; fileEncoding = 4; lastKnownFileType = sourcecode.c.objc; path = People.m; sourceTree = "<group>"; };
/* End PBXFileReference section */

/* Begin PBXFrameworksBuildPhase section */
		B9AE87411EA73E0900765F3D /* Frameworks */ = {
			isa = PBXFrameworksBuildPhase;
			buildActionMask = 2147483647;
			files = (
			);
			runOnlyForDeploymentPostprocessing = 0;
		};
		B9AE875A1EA73E0A00765F3D /* Frameworks */ = {
			isa = PBXFrameworksBuildPhase;
			buildActionMask = 2147483647;
			files = (
			);
			runOnlyForDeploymentPostprocessing = 0;
		};
		B9AE87651EA73E0A00765F3D /* Frameworks */ = {
			isa = PBXFrameworksBuildPhase;
			buildActionMask = 2147483647;
			files = (
			);
			runOnlyForDeploymentPostprocessing = 0;
		};
/* End PBXFrameworksBuildPhase section */

/* Begin PBXGroup section */
		B9AE873B1EA73E0900765F3D = {
			isa = PBXGroup;
			children = (
				B9AE87461EA73E0900765F3D /* RunTimeSample */,
				B9AE87601EA73E0A00765F3D /* RunTimeSampleTests */,
				B9AE876B1EA73E0A00765F3D /* RunTimeSampleUITests */,
				B9AE87451EA73E0900765F3D /* Products */,
			);
			sourceTree = "<group>";
		};
		B9AE87451EA73E0900765F3D /* Products */ = {
			isa = PBXGroup;
			children = (
				B9AE87441EA73E0900765F3D /* RunTimeSample.app */,
				B9AE875D1EA73E0A00765F3D /* RunTimeSampleTests.xctest */,
				B9AE87681EA73E0A00765F3D /* RunTimeSampleUITests.xctest */,
			);
			name = Products;
			sourceTree = "<group>";
		};
		B9AE87461EA73E0900765F3D /* RunTimeSample */ = {
			isa = PBXGroup;
			children = (
				B9AE874A1EA73E0900765F3D /* AppDelegate.h */,
				B9AE874B1EA73E0900765F3D /* AppDelegate.m */,
				B9AE874D1EA73E0A00765F3D /* ViewController.h */,
				B9AE874E1EA73E0A00765F3D /* ViewController.m */,
				B9AE87501EA73E0A00765F3D /* Main.storyboard */,
				B9AE87531EA73E0A00765F3D /* Assets.xcassets */,
				B9AE87551EA73E0A00765F3D /* LaunchScreen.storyboard */,
				B9AE87581EA73E0A00765F3D /* Info.plist */,
				B9AE87471EA73E0900765F3D /* Supporting Files */,
				B9AE87801EA748DD00765F3D /* Father.h */,
				B9AE87811EA748DD00765F3D /* Father.m */,
				B953BD321EC315CF00F7FFDF /* Father+MyAddtion.h */,
				B953BD331EC315CF00F7FFDF /* Father+MyAddtion.m */,
				B9AE87831EA748E800765F3D /* Son.h */,
				B9AE87841EA748E800765F3D /* Son.m */,
				B9AE877A1EA73E3400765F3D /* Message.h */,
				B9AE877B1EA73E3400765F3D /* Message.m */,
				B9AE877D1EA741DC00765F3D /* MessageForwarding.h */,
				B9AE877E1EA741DC00765F3D /* MessageForwarding.m */,
				B9AE87861EA74A1400765F3D /* NSObject+AssociatedObject.h */,
				B9AE87871EA74A1400765F3D /* NSObject+AssociatedObject.m */,
				B9E39D691EC1C12900F12DD9 /* People.h */,
				B9E39D6A1EC1C12900F12DD9 /* People.m */,
			);
			path = RunTimeSample;
			sourceTree = "<group>";
		};
		B9AE87471EA73E0900765F3D /* Supporting Files */ = {
			isa = PBXGroup;
			children = (
				B9AE87481EA73E0900765F3D /* main.m */,
			);
			name = "Supporting Files";
			sourceTree = "<group>";
		};
		B9AE87601EA73E0A00765F3D /* RunTimeSampleTests */ = {
			isa = PBXGroup;
			children = (
				B9AE87611EA73E0A00765F3D /* RunTimeSampleTests.m */,
				B9AE87631EA73E0A00765F3D /* Info.plist */,
			);
			path = RunTimeSampleTests;
			sourceTree = "<group>";
		};
		B9AE876B1EA73E0A00765F3D /* RunTimeSampleUITests */ = {
			isa = PBXGroup;
			children = (
				B9AE876C1EA73E0A00765F3D /* RunTimeSampleUITests.m */,
				B9AE876E1EA73E0A00765F3D /* Info.plist */,
			);
			path = RunTimeSampleUITests;
			sourceTree = "<group>";
		};
/* End PBXGroup section */

/* Begin PBXNativeTarget section */
		B9AE87431EA73E0900765F3D /* RunTimeSample */ = {
			isa = PBXNativeTarget;
			buildConfigurationList = B9AE87711EA73E0A00765F3D /* Build configuration list for PBXNativeTarget "RunTimeSample" */;
			buildPhases = (
				B9AE87401EA73E0900765F3D /* Sources */,
				B9AE87411EA73E0900765F3D /* Frameworks */,
				B9AE87421EA73E0900765F3D /* Resources */,
			);
			buildRules = (
			);
			dependencies = (
			);
			name = RunTimeSample;
			productName = RunTimeSample;
			productReference = B9AE87441EA73E0900765F3D /* RunTimeSample.app */;
			productType = "com.apple.product-type.application";
		};
		B9AE875C1EA73E0A00765F3D /* RunTimeSampleTests */ = {
			isa = PBXNativeTarget;
			buildConfigurationList = B9AE87741EA73E0A00765F3D /* Build configuration list for PBXNativeTarget "RunTimeSampleTests" */;
			buildPhases = (
				B9AE87591EA73E0A00765F3D /* Sources */,
				B9AE875A1EA73E0A00765F3D /* Frameworks */,
				B9AE875B1EA73E0A00765F3D /* Resources */,
			);
			buildRules = (
			);
			dependencies = (
				B9AE875F1EA73E0A00765F3D /* PBXTargetDependency */,
			);
			name = RunTimeSampleTests;
			productName = RunTimeSampleTests;
			productReference = B9AE875D1EA73E0A00765F3D /* RunTimeSampleTests.xctest */;
			productType = "com.apple.product-type.bundle.unit-test";
		};
		B9AE87671EA73E0A00765F3D /* RunTimeSampleUITests */ = {
			isa = PBXNativeTarget;
			buildConfigurationList = B9AE87771EA73E0A00765F3D /* Build configuration list for PBXNativeTarget "RunTimeSampleUITests" */;
			buildPhases = (
				B9AE87641EA73E0A00765F3D /* Sources */,
				B9AE87651EA73E0A00765F3D /* Frameworks */,
				B9AE87661EA73E0A00765F3D /* Resources */,
			);
			buildRules = (
			);
			dependencies = (
				B9AE876A1EA73E0A00765F3D /* PBXTargetDependency */,
			);
			name = RunTimeSampleUITests;
			productName = RunTimeSampleUITests;
			productReference = B9AE87681EA73E0A00765F3D /* RunTimeSampleUITests.xctest */;
			productType = "com.apple.product-type.bundle.ui-testing";
		};
/* End PBXNativeTarget section */

/* Begin PBXProject section */
		B9AE873C1EA73E0900765F3D /* Project object */ = {
			isa = PBXProject;
			attributes = {
				LastUpgradeCheck = 0820;
				ORGANIZATIONNAME = fanqi;
				TargetAttributes = {
					B9AE87431EA73E0900765F3D = {
						CreatedOnToolsVersion = 8.2.1;
						DevelopmentTeam = V6R68WLKP9;
						ProvisioningStyle = Automatic;
					};
					B9AE875C1EA73E0A00765F3D = {
						CreatedOnToolsVersion = 8.2.1;
						DevelopmentTeam = V6R68WLKP9;
						ProvisioningStyle = Automatic;
						TestTargetID = B9AE87431EA73E0900765F3D;
					};
					B9AE87671EA73E0A00765F3D = {
						CreatedOnToolsVersion = 8.2.1;
						DevelopmentTeam = V6R68WLKP9;
						ProvisioningStyle = Automatic;
						TestTargetID = B9AE87431EA73E0900765F3D;
					};
				};
			};
			buildConfigurationList = B9AE873F1EA73E0900765F3D /* Build configuration list for PBXProject "RunTimeSample" */;
			compatibilityVersion = "Xcode 3.2";
			developmentRegion = English;
			hasScannedForEncodings = 0;
			knownRegions = (
				en,
				Base,
			);
			mainGroup = B9AE873B1EA73E0900765F3D;
			productRefGroup = B9AE87451EA73E0900765F3D /* Products */;
			projectDirPath = "";
			projectRoot = "";
			targets = (
				B9AE87431EA73E0900765F3D /* RunTimeSample */,
				B9AE875C1EA73E0A00765F3D /* RunTimeSampleTests */,
				B9AE87671EA73E0A00765F3D /* RunTimeSampleUITests */,
			);
		};
/* End PBXProject section */

/* Begin PBXResourcesBuildPhase section */
		B9AE87421EA73E0900765F3D /* Resources */ = {
			isa = PBXResourcesBuildPhase;
			buildActionMask = 2147483647;
			files = (
				B9AE87571EA73E0A00765F3D /* LaunchScreen.storyboard in Resources */,
				B9AE87541EA73E0A00765F3D /* Assets.xcassets in Resources */,
				B9AE87521EA73E0A00765F3D /* Main.storyboard in Resources */,
			);
			runOnlyForDeploymentPostprocessing = 0;
		};
		B9AE875B1EA73E0A00765F3D /* Resources */ = {
			isa = PBXResourcesBuildPhase;
			buildActionMask = 2147483647;
			files = (
			);
			runOnlyForDeploymentPostprocessing = 0;
		};
		B9AE87661EA73E0A00765F3D /* Resources */ = {
			isa = PBXResourcesBuildPhase;
			buildActionMask = 2147483647;
			files = (
			);
			runOnlyForDeploymentPostprocessing = 0;
		};
/* End PBXResourcesBuildPhase section */

/* Begin PBXSourcesBuildPhase section */
		B9AE87401EA73E0900765F3D /* Sources */ = {
			isa = PBXSourcesBuildPhase;
			buildActionMask = 2147483647;
			files = (
				B9AE87881EA74A1400765F3D /* NSObject+AssociatedObject.m in Sources */,
				B9AE87851EA748E800765F3D /* Son.m in Sources */,
				B9AE874F1EA73E0A00765F3D /* ViewController.m in Sources */,
				B9E39D6B1EC1C12900F12DD9 /* People.m in Sources */,
				B9AE87821EA748DD00765F3D /* Father.m in Sources */,
				B9AE877C1EA73E3400765F3D /* Message.m in Sources */,
				B9AE877F1EA741DC00765F3D /* MessageForwarding.m in Sources */,
				B953BD341EC315CF00F7FFDF /* Father+MyAddtion.m in Sources */,
				B9AE874C1EA73E0900765F3D /* AppDelegate.m in Sources */,
				B9AE87491EA73E0900765F3D /* main.m in Sources */,
			);
			runOnlyForDeploymentPostprocessing = 0;
		};
		B9AE87591EA73E0A00765F3D /* Sources */ = {
			isa = PBXSourcesBuildPhase;
			buildActionMask = 2147483647;
			files = (
				B9AE87621EA73E0A00765F3D /* RunTimeSampleTests.m in Sources */,
			);
			runOnlyForDeploymentPostprocessing = 0;
		};
		B9AE87641EA73E0A00765F3D /* Sources */ = {
			isa = PBXSourcesBuildPhase;
			buildActionMask = 2147483647;
			files = (
				B9AE876D1EA73E0A00765F3D /* RunTimeSampleUITests.m in Sources */,
			);
			runOnlyForDeploymentPostprocessing = 0;
		};
/* End PBXSourcesBuildPhase section */

/* Begin PBXTargetDependency section */
		B9AE875F1EA73E0A00765F3D /* PBXTargetDependency */ = {
			isa = PBXTargetDependency;
			target = B9AE87431EA73E0900765F3D /* RunTimeSample */;
			targetProxy = B9AE875E1EA73E0A00765F3D /* PBXContainerItemProxy */;
		};
		B9AE876A1EA73E0A00765F3D /* PBXTargetDependency */ = {
			isa = PBXTargetDependency;
			target = B9AE87431EA73E0900765F3D /* RunTimeSample */;
			targetProxy = B9AE87691EA73E0A00765F3D /* PBXContainerItemProxy */;
		};
/* End PBXTargetDependency section */

/* Begin PBXVariantGroup section */
		B9AE87501EA73E0A00765F3D /* Main.storyboard */ = {
			isa = PBXVariantGroup;
			children = (
				B9AE87511EA73E0A00765F3D /* Base */,
			);
			name = Main.storyboard;
			sourceTree = "<group>";
		};
		B9AE87551EA73E0A00765F3D /* LaunchScreen.storyboard */ = {
			isa = PBXVariantGroup;
			children = (
				B9AE87561EA73E0A00765F3D /* Base */,
			);
			name = LaunchScreen.storyboard;
			sourceTree = "<group>";
		};
/* End PBXVariantGroup section */

/* Begin XCBuildConfiguration section */
		B9AE876F1EA73E0A00765F3D /* Debug */ = {
			isa = XCBuildConfiguration;
			buildSettings = {
				ALWAYS_SEARCH_USER_PATHS = NO;
				CLANG_ANALYZER_NONNULL = YES;
				CLANG_CXX_LANGUAGE_STANDARD = "gnu++0x";
				CLANG_CXX_LIBRARY = "libc++";
				CLANG_ENABLE_MODULES = YES;
				CLANG_ENABLE_OBJC_ARC = YES;
				CLANG_WARN_BOOL_CONVERSION = YES;
				CLANG_WARN_CONSTANT_CONVERSION = YES;
				CLANG_WARN_DIRECT_OBJC_ISA_USAGE = YES_ERROR;
				CLANG_WARN_DOCUMENTATION_COMMENTS = YES;
				CLANG_WARN_EMPTY_BODY = YES;
				CLANG_WARN_ENUM_CONVERSION = YES;
				CLANG_WARN_INFINITE_RECURSION = YES;
				CLANG_WARN_INT_CONVERSION = YES;
				CLANG_WARN_OBJC_ROOT_CLASS = YES_ERROR;
				CLANG_WARN_SUSPICIOUS_MOVE = YES;
				CLANG_WARN_UNREACHABLE_CODE = YES;
				CLANG_WARN__DUPLICATE_METHOD_MATCH = YES;
				"CODE_SIGN_IDENTITY[sdk=iphoneos*]" = "iPhone Developer";
				COPY_PHASE_STRIP = NO;
				DEBUG_INFORMATION_FORMAT = dwarf;
				ENABLE_STRICT_OBJC_MSGSEND = YES;
				ENABLE_TESTABILITY = YES;
				GCC_C_LANGUAGE_STANDARD = gnu99;
				GCC_DYNAMIC_NO_PIC = NO;
				GCC_NO_COMMON_BLOCKS = YES;
				GCC_OPTIMIZATION_LEVEL = 0;
				GCC_PREPROCESSOR_DEFINITIONS = (
					"DEBUG=1",
					"$(inherited)",
				);
				GCC_WARN_64_TO_32_BIT_CONVERSION = YES;
				GCC_WARN_ABOUT_RETURN_TYPE = YES_ERROR;
				GCC_WARN_UNDECLARED_SELECTOR = YES;
				GCC_WARN_UNINITIALIZED_AUTOS = YES_AGGRESSIVE;
				GCC_WARN_UNUSED_FUNCTION = YES;
				GCC_WARN_UNUSED_VARIABLE = YES;
				IPHONEOS_DEPLOYMENT_TARGET = 10.2;
				MTL_ENABLE_DEBUG_INFO = YES;
				ONLY_ACTIVE_ARCH = YES;
				SDKROOT = iphoneos;
			};
			name = Debug;
		};
		B9AE87701EA73E0A00765F3D /* Release */ = {
			isa = XCBuildConfiguration;
			buildSettings = {
				ALWAYS_SEARCH_USER_PATHS = NO;
				CLANG_ANALYZER_NONNULL = YES;
				CLANG_CXX_LANGUAGE_STANDARD = "gnu++0x";
				CLANG_CXX_LIBRARY = "libc++";
				CLANG_ENABLE_MODULES = YES;
				CLANG_ENABLE_OBJC_ARC = YES;
				CLANG_WARN_BOOL_CONVERSION = YES;
				CLANG_WARN_CONSTANT_CONVERSION = YES;
				CLANG_WARN_DIRECT_OBJC_ISA_USAGE = YES_ERROR;
				CLANG_WARN_DOCUMENTATION_COMMENTS = YES;
				CLANG_WARN_EMPTY_BODY = YES;
				CLANG_WARN_ENUM_CONVERSION = YES;
				CLANG_WARN_INFINITE_RECURSION = YES;
				CLANG_WARN_INT_CONVERSION = YES;
				CLANG_WARN_OBJC_ROOT_CLASS = YES_ERROR;
				CLANG_WARN_SUSPICIOUS_MOVE = YES;
				CLANG_WARN_UNREACHABLE_CODE = YES;
				CLANG_WARN__DUPLICATE_METHOD_MATCH = YES;
				"CODE_SIGN_IDENTITY[sdk=iphoneos*]" = "iPhone Developer";
				COPY_PHASE_STRIP = NO;
				DEBUG_INFORMATION_FORMAT = "dwarf-with-dsym";
				ENABLE_NS_ASSERTIONS = NO;
				ENABLE_STRICT_OBJC_MSGSEND = YES;
				GCC_C_LANGUAGE_STANDARD = gnu99;
				GCC_NO_COMMON_BLOCKS = YES;
				GCC_WARN_64_TO_32_BIT_CONVERSION = YES;
				GCC_WARN_ABOUT_RETURN_TYPE = YES_ERROR;
				GCC_WARN_UNDECLARED_SELECTOR = YES;
				GCC_WARN_UNINITIALIZED_AUTOS = YES_AGGRESSIVE;
				GCC_WARN_UNUSED_FUNCTION = YES;
				GCC_WARN_UNUSED_VARIABLE = YES;
				IPHONEOS_DEPLOYMENT_TARGET = 10.2;
				MTL_ENABLE_DEBUG_INFO = NO;
				SDKROOT = iphoneos;
				VALIDATE_PRODUCT = YES;
			};
			name = Release;
		};
		B9AE87721EA73E0A00765F3D /* Debug */ = {
			isa = XCBuildConfiguration;
			buildSettings = {
				ASSETCATALOG_COMPILER_APPICON_NAME = AppIcon;
				DEVELOPMENT_TEAM = V6R68WLKP9;
				INFOPLIST_FILE = RunTimeSample/Info.plist;
				IPHONEOS_DEPLOYMENT_TARGET = 8.0;
				LD_RUNPATH_SEARCH_PATHS = "$(inherited) @executable_path/Frameworks";
				PRODUCT_BUNDLE_IDENTIFIER = com.runloop.demo.RunTimeSample;
				PRODUCT_NAME = "$(TARGET_NAME)";
			};
			name = Debug;
		};
		B9AE87731EA73E0A00765F3D /* Release */ = {
			isa = XCBuildConfiguration;
			buildSettings = {
				ASSETCATALOG_COMPILER_APPICON_NAME = AppIcon;
				DEVELOPMENT_TEAM = V6R68WLKP9;
				INFOPLIST_FILE = RunTimeSample/Info.plist;
				IPHONEOS_DEPLOYMENT_TARGET = 8.0;
				LD_RUNPATH_SEARCH_PATHS = "$(inherited) @executable_path/Frameworks";
				PRODUCT_BUNDLE_IDENTIFIER = com.runloop.demo.RunTimeSample;
				PRODUCT_NAME = "$(TARGET_NAME)";
			};
			name = Release;
		};
		B9AE87751EA73E0A00765F3D /* Debug */ = {
			isa = XCBuildConfiguration;
			buildSettings = {
				BUNDLE_LOADER = "$(TEST_HOST)";
				DEVELOPMENT_TEAM = V6R68WLKP9;
				INFOPLIST_FILE = RunTimeSampleTests/Info.plist;
				LD_RUNPATH_SEARCH_PATHS = "$(inherited) @executable_path/Frameworks @loader_path/Frameworks";
				PRODUCT_BUNDLE_IDENTIFIER = com.runloop.demo.RunTimeSampleTests;
				PRODUCT_NAME = "$(TARGET_NAME)";
				TEST_HOST = "$(BUILT_PRODUCTS_DIR)/RunTimeSample.app/RunTimeSample";
			};
			name = Debug;
		};
		B9AE87761EA73E0A00765F3D /* Release */ = {
			isa = XCBuildConfiguration;
			buildSettings = {
				BUNDLE_LOADER = "$(TEST_HOST)";
				DEVELOPMENT_TEAM = V6R68WLKP9;
				INFOPLIST_FILE = RunTimeSampleTests/Info.plist;
				LD_RUNPATH_SEARCH_PATHS = "$(inherited) @executable_path/Frameworks @loader_path/Frameworks";
				PRODUCT_BUNDLE_IDENTIFIER = com.runloop.demo.RunTimeSampleTests;
				PRODUCT_NAME = "$(TARGET_NAME)";
				TEST_HOST = "$(BUILT_PRODUCTS_DIR)/RunTimeSample.app/RunTimeSample";
			};
			name = Release;
		};
		B9AE87781EA73E0A00765F3D /* Debug */ = {
			isa = XCBuildConfiguration;
			buildSettings = {
				DEVELOPMENT_TEAM = V6R68WLKP9;
				INFOPLIST_FILE = RunTimeSampleUITests/Info.plist;
				LD_RUNPATH_SEARCH_PATHS = "$(inherited) @executable_path/Frameworks @loader_path/Frameworks";
				PRODUCT_BUNDLE_IDENTIFIER = com.runloop.demo.RunTimeSampleUITests;
				PRODUCT_NAME = "$(TARGET_NAME)";
				TEST_TARGET_NAME = RunTimeSample;
			};
			name = Debug;
		};
		B9AE87791EA73E0A00765F3D /* Release */ = {
			isa = XCBuildConfiguration;
			buildSettings = {
				DEVELOPMENT_TEAM = V6R68WLKP9;
				INFOPLIST_FILE = RunTimeSampleUITests/Info.plist;
				LD_RUNPATH_SEARCH_PATHS = "$(inherited) @executable_path/Frameworks @loader_path/Frameworks";
				PRODUCT_BUNDLE_IDENTIFIER = com.runloop.demo.RunTimeSampleUITests;
				PRODUCT_NAME = "$(TARGET_NAME)";
				TEST_TARGET_NAME = RunTimeSample;
			};
			name = Release;
		};
/* End XCBuildConfiguration section */

/* Begin XCConfigurationList section */
		B9AE873F1EA73E0900765F3D /* Build configuration list for PBXProject "RunTimeSample" */ = {
			isa = XCConfigurationList;
			buildConfigurations = (
				B9AE876F1EA73E0A00765F3D /* Debug */,
				B9AE87701EA73E0A00765F3D /* Release */,
			);
			defaultConfigurationIsVisible = 0;
			defaultConfigurationName = Release;
		};
		B9AE87711EA73E0A00765F3D /* Build configuration list for PBXNativeTarget "RunTimeSample" */ = {
			isa = XCConfigurationList;
			buildConfigurations = (
				B9AE87721EA73E0A00765F3D /* Debug */,
				B9AE87731EA73E0A00765F3D /* Release */,
			);
			defaultConfigurationIsVisible = 0;
			defaultConfigurationName = Release;
		};
		B9AE87741EA73E0A00765F3D /* Build configuration list for PBXNativeTarget "RunTimeSampleTests" */ = {
			isa = XCConfigurationList;
			buildConfigurations = (
				B9AE87751EA73E0A00765F3D /* Debug */,
				B9AE87761EA73E0A00765F3D /* Release */,
			);
			defaultConfigurationIsVisible = 0;
			defaultConfigurationName = Release;
		};
		B9AE87771EA73E0A00765F3D /* Build configuration list for PBXNativeTarget "RunTimeSampleUITests" */ = {
			isa = XCConfigurationList;
			buildConfigurations = (
				B9AE87781EA73E0A00765F3D /* Debug */,
				B9AE87791EA73E0A00765F3D /* Release */,
			);
			defaultConfigurationIsVisible = 0;
			defaultConfigurationName = Release;
		};
/* End XCConfigurationList section */
	};
	rootObject = B9AE873C1EA73E0900765F3D /* Project object */;
}
